
Microsoft Visual Studio Solution File, Format Version 12.00
# Visual Studio 2012
Project("{FAE04EC0-301F-11D3-BF4B-00C04F79EFBC}") = "RefactoringToPatterns", "RefactoringToPatterns\RefactoringToPatterns.csproj", "{DF98039D-C68F-4E23-988A-2CE7C18EEFF5}"
EndProject
Project("{2150E333-8FDC-42A3-9474-1A3956D46DE8}") = ".nuget", ".nuget", "{98B508E5-E656-4943-A84C-991F430792AC}"
	ProjectSection(SolutionItems) = preProject
		.nuget\NuGet.Config = .nuget\NuGet.Config
		.nuget\NuGet.exe = .nuget\NuGet.exe
		.nuget\NuGet.targets = .nuget\NuGet.targets
	EndProjectSection
EndProject
Global
	GlobalSection(SolutionConfigurationPlatforms) = preSolution
		Debug|Any CPU = Debug|Any CPU
		Release|Any CPU = Release|Any CPU
	EndGlobalSection
	GlobalSection(ProjectConfigurationPlatforms) = postSolution
		{DF98039D-C68F-4E23-988A-2CE7C18EEFF5}.Debug|Any CPU.ActiveCfg = Debug|Any CPU
		{DF98039D-C68F-4E23-988A-2CE7C18EEFF5}.Debug|Any CPU.Build.0 = Debug|Any CPU
		{DF98039D-C68F-4E23-988A-2CE7C18EEFF5}.Release|Any CPU.ActiveCfg = Release|Any CPU
		{DF98039D-C68F-4E23-988A-2CE7C18EEFF5}.Release|Any CPU.Build.0 = Release|Any CPU
	EndGlobalSection
	GlobalSection(SolutionProperties) = preSolution
		HideSolutionNode = FALSE
	EndGlobalSection
EndGlobal
